Microsoft Visual Studio Solution File, Format Version 12.00
# Visual Studio 14
VisualStudioVersion = 14.0.25420.1
MinimumVisualStudioVersion = 10.0.40219.1
Project("{2150E333-8FDC-42A3-9474-1A3956D46DE8}") = "src", "src", "{01661652-A100-41E3-AE6E-E6151EB85666}"
EndProject
Project("{2150E333-8FDC-42A3-9474-1A3956D46DE8}") = "test", "test", "{9444A5DC-EE0B-4245-B81B-2CEF6F842F3D}"
EndProject
Project("{2150E333-8FDC-42A3-9474-1A3956D46DE8}") = "Solution Items", "Solution Items", "{CD87E04A-587D-44A6-BB15-A966DB3C18CF}"
	ProjectSection(SolutionItems) = preProject
		global.json = global.json
	EndProjectSection
EndProject
Project("{8BB2217D-0F2D-49D1-97BC-3654ED321F3B}") = "Microsoft.Extensions.SecretManager.Tools", "src\Microsoft.Extensions.SecretManager.Tools\Microsoft.Extensions.SecretManager.Tools.xproj", "{8730E848-CA0F-4E0A-9A2F-BC22AD0B2C4E}"
EndProject
Project("{8BB2217D-0F2D-49D1-97BC-3654ED321F3B}") = "Microsoft.Extensions.SecretManager.Tools.Tests", "test\Microsoft.Extensions.SecretManager.Tools.Tests\Microsoft.Extensions.SecretManager.Tools.Tests.xproj", "{7B331122-83B1-4F08-A119-DC846959844C}"
EndProject
Global
	GlobalSection(SolutionConfigurationPlatforms) = preSolution
		Debug|Any CPU = Debug|Any CPU
		Release|Any CPU = Release|Any CPU
	EndGlobalSection
	GlobalSection(ProjectConfigurationPlatforms) = postSolution
		{8730E848-CA0F-4E0A-9A2F-BC22AD0B2C4E}.Debug|Any CPU.ActiveCfg = Debug|Any CPU
		{8730E848-CA0F-4E0A-9A2F-BC22AD0B2C4E}.Debug|Any CPU.Build.0 = Debug|Any CPU
		{8730E848-CA0F-4E0A-9A2F-BC22AD0B2C4E}.Release|Any CPU.ActiveCfg = Release|Any CPU
		{8730E848-CA0F-4E0A-9A2F-BC22AD0B2C4E}.Release|Any CPU.Build.0 = Release|Any CPU
		{7B331122-83B1-4F08-A119-DC846959844C}.Debug|Any CPU.ActiveCfg = Debug|Any CPU
		{7B331122-83B1-4F08-A119-DC846959844C}.Debug|Any CPU.Build.0 = Debug|Any CPU
		{7B331122-83B1-4F08-A119-DC846959844C}.Release|Any CPU.ActiveCfg = Release|Any CPU
		{7B331122-83B1-4F08-A119-DC846959844C}.Release|Any CPU.Build.0 = Release|Any CPU
	EndGlobalSection
	GlobalSection(SolutionProperties) = preSolution
		HideSolutionNode = FALSE
	EndGlobalSection
	GlobalSection(NestedProjects) = preSolution
		{8730E848-CA0F-4E0A-9A2F-BC22AD0B2C4E} = {01661652-A100-41E3-AE6E-E6151EB85666}
		{7B331122-83B1-4F08-A119-DC846959844C} = {9444A5DC-EE0B-4245-B81B-2CEF6F842F3D}
	EndGlobalSection
EndGlobal
